// !$*UTF8*$!
{
	archiveVersion = 1;
	classes = {
	};
	objectVersion = 48;
	objects = {

/* Begin PBXBuildFile section */
		8D999F7F20464775005ADE6D /* AppDelegate.m in Sources */ = {isa = PBXBuildFile; fileRef = 8D999F7E20464775005ADE6D /* AppDelegate.m */; };
		8D999F8220464775005ADE6D /* ViewController.m in Sources */ = {isa = PBXBuildFile; fileRef = 8D999F8120464775005ADE6D /* ViewController.m */; };
		8D999F8520464775005ADE6D /* Main.storyboard in Resources */ = {isa = PBXBuildFile; fileRef = 8D999F8320464775005ADE6D /* Main.storyboard */; };
		8D999F8720464775005ADE6D /* Assets.xcassets in Resources */ = {isa = PBXBuildFile; fileRef = 8D999F8620464775005ADE6D /* Assets.xcassets */; };
		8D999F8A20464775005ADE6D /* LaunchScreen.storyboard in Resources */ = {isa = PBXBuildFile; fileRef = 8D999F8820464775005ADE6D /* LaunchScreen.storyboard */; };
		8D999F8D20464775005ADE6D /* main.m in Sources */ = {isa = PBXBuildFile; fileRef = 8D999F8C20464775005ADE6D /* main.m */; };
/* End PBXBuildFile section */

/* Begin PBXFileReference section */
		8D999F7A20464775005ADE6D /* StudentEvaluation.app */ = {isa = PBXFileReference; explicitFileType = wrapper.application; includeInIndex = 0; path = StudentEvaluation.app; sourceTree = BUILT_PRODUCTS_DIR; };
		8D999F7D20464775005ADE6D /* AppDelegate.h */ = {isa = PBXFileReference; lastKnownFileType = sourcecode.c.h; path = AppDelegate.h; sourceTree = "<group>"; };
		8D999F7E20464775005ADE6D /* AppDelegate.m */ = {isa = PBXFileReference; lastKnownFileType = sourcecode.c.objc; path = AppDelegate.m; sourceTree = "<group>"; };
		8D999F8020464775005ADE6D /* ViewController.h */ = {isa = PBXFileReference; lastKnownFileType = sourcecode.c.h; path = ViewController.h; sourceTree = "<group>"; };
		8D999F8120464775005ADE6D /* ViewController.m */ = {isa = PBXFileReference; lastKnownFileType = sourcecode.c.objc; path = ViewController.m; sourceTree = "<group>"; };
		8D999F8420464775005ADE6D /* Base */ = {isa = PBXFileReference; lastKnownFileType = file.storyboard; name = Base; path = Base.lproj/Main.storyboard; sourceTree = "<group>"; };
		8D999F8620464775005ADE6D /* Assets.xcassets */ = {isa = PBXFileReference; lastKnownFileType = folder.assetcatalog; path = Assets.xcassets; sourceTree = "<group>"; };
		8D999F8920464775005ADE6D /* Base */ = {isa = PBXFileReference; lastKnownFileType = file.storyboard; name = Base; path = Base.lproj/LaunchScreen.storyboard; sourceTree = "<group>"; };
		8D999F8B20464775005ADE6D /* Info.plist */ = {isa = PBXFileReference; lastKnownFileType = text.plist.xml; path = Info.plist; sourceTree = "<group>"; };
		8D999F8C20464775005ADE6D /* main.m */ = {isa = PBXFileReference; lastKnownFileType = sourcecode.c.objc; path = main.m; sourceTree = "<group>"; };
/* End PBXFileReference section */

/* Begin PBXFrameworksBuildPhase section */
		8D999F7720464775005ADE6D /* Frameworks */ = {
			isa = PBXFrameworksBuildPhase;
			buildActionMask = 2147483647;
			files = (
			);
			runOnlyForDeploymentPostprocessing = 0;
		};
/* End PBXFrameworksBuildPhase section */

/* Begin PBXGroup section */
		8D999F7120464775005ADE6D = {
			isa = PBXGroup;
			children = (
				8D999F7C20464775005ADE6D /* StudentEvaluation */,
				8D999F7B20464775005ADE6D /* Products */,
			);
			sourceTree = "<group>";
		};
		8D999F7B20464775005ADE6D /* Products */ = {
			isa = PBXGroup;
			children = (
				8D999F7A20464775005ADE6D /* StudentEvaluation.app */,
			);
			name = Products;
			sourceTree = "<group>";
		};
		8D999F7C20464775005ADE6D /* StudentEvaluation */ = {
			isa = PBXGroup;
			children = (
				8D999F7D20464775005ADE6D /* AppDelegate.h */,
				8D999F7E20464775005ADE6D /* AppDelegate.m */,
				8D999F8020464775005ADE6D /* ViewController.h */,
				8D999F8120464775005ADE6D /* ViewController.m */,
				8D999F8320464775005ADE6D /* Main.storyboard */,
				8D999F8620464775005ADE6D /* Assets.xcassets */,
				8D999F8820464775005ADE6D /* LaunchScreen.storyboard */,
				8D999F8B20464775005ADE6D /* Info.plist */,
				8D999F8C20464775005ADE6D /* main.m */,
			);
			path = StudentEvaluation;
			sourceTree = "<group>";
		};
/* End PBXGroup section */

/* Begin PBXNativeTarget section */
		8D999F7920464775005ADE6D /* StudentEvaluation */ = {
			isa = PBXNativeTarget;
			buildConfigurationList = 8D999F9020464775005ADE6D /* Build configuration list for PBXNativeTarget "StudentEvaluation" */;
			buildPhases = (
				8D999F7620464775005ADE6D /* Sources */,
				8D999F7720464775005ADE6D /* Frameworks */,
				8D999F7820464775005ADE6D /* Resources */,
			);
			buildRules = (
			);
			dependencies = (
			);
			name = StudentEvaluation;
			productName = StudentEvaluation;
			productReference = 8D999F7A20464775005ADE6D /* StudentEvaluation.app */;
			productType = "com.apple.product-type.application";
		};
/* End PBXNativeTarget section */

/* Begin PBXProject section */
		8D999F7220464775005ADE6D /* Project object */ = {
			isa = PBXProject;
			attributes = {
				LastUpgradeCheck = 0920;
				ORGANIZATIONNAME = bosheng;
				TargetAttributes = {
					8D999F7920464775005ADE6D = {
						CreatedOnToolsVersion = 9.2;
						ProvisioningStyle = Automatic;
					};
				};
			};
			buildConfigurationList = 8D999F7520464775005ADE6D /* Build configuration list for PBXProject "StudentEvaluation" */;
			compatibilityVersion = "Xcode 8.0";
			developmentRegion = en;
			hasScannedForEncodings = 0;
			knownRegions = (
				en,
				Base,
			);
			mainGroup = 8D999F7120464775005ADE6D;
			productRefGroup = 8D999F7B20464775005ADE6D /* Products */;
			projectDirPath = "";
			projectRoot = "";
			targets = (
				8D999F7920464775005ADE6D /* StudentEvaluation */,
			);
		};
/* End PBXProject section */

/* Begin PBXResourcesBuildPhase section */
		8D999F7820464775005ADE6D /* Resources */ = {
			isa = PBXResourcesBuildPhase;
			buildActionMask = 2147483647;
			files = (
				8D999F8A20464775005ADE6D /* LaunchScreen.storyboard in Resources */,
				8D999F8720464775005ADE6D /* Assets.xcassets in Resources */,
				8D999F8520464775005ADE6D /* Main.storyboard in Resources */,
			);
			runOnlyForDeploymentPostprocessing = 0;
		};
/* End PBXResourcesBuildPhase section */

/* Begin PBXSourcesBuildPhase section */
		8D999F7620464775005ADE6D /* Sources */ = {
			isa = PBXSourcesBuildPhase;
			buildActionMask = 2147483647;
			files = (
				8D999F8220464775005ADE6D /* ViewController.m in Sources */,
				8D999F8D20464775005ADE6D /* main.m in Sources */,
				8D999F7F20464775005ADE6D /* AppDelegate.m in Sources */,
			);
			runOnlyForDeploymentPostprocessing = 0;
		};
/* End PBXSourcesBuildPhase section */

/* Begin PBXVariantGroup section */
		8D999F8320464775005ADE6D /* Main.storyboard */ = {
			isa = PBXVariantGroup;
			children = (
				8D999F8420464775005ADE6D /* Base */,
			);
			name = Main.storyboard;
			sourceTree = "<group>";
		};
		8D999F8820464775005ADE6D /* LaunchScreen.storyboard */ = {
			isa = PBXVariantGroup;
			children = (
				8D999F8920464775005ADE6D /* Base */,
			);
			name = LaunchScreen.storyboard;
			sourceTree = "<group>";
		};
/* End PBXVariantGroup section */

/* Begin XCBuildConfiguration section */
		8D999F8E20464775005ADE6D /* Debug */ = {
			isa = XCBuildConfiguration;
			buildSettings = {
				ALWAYS_SEARCH_USER_PATHS = NO;
				CLANG_ANALYZER_NONNULL = YES;
				CLANG_ANALYZER_NUMBER_OBJECT_CONVERSION = YES_AGGRESSIVE;
				CLANG_CXX_LANGUAGE_STANDARD = "gnu++14";
				CLANG_CXX_LIBRARY = "libc++";
				CLANG_ENABLE_MODULES = YES;
				CLANG_ENABLE_OBJC_ARC = YES;
				CLANG_WARN_BLOCK_CAPTURE_AUTORELEASING = YES;
				CLANG_WARN_BOOL_CONVERSION = YES;
				CLANG_WARN_COMMA = YES;
				CLANG_WARN_CONSTANT_CONVERSION = YES;
				CLANG_WARN_DIRECT_OBJC_ISA_USAGE = YES_ERROR;
				CLANG_WARN_DOCUMENTATION_COMMENTS = YES;
				CLANG_WARN_EMPTY_BODY = YES;
				CLANG_WARN_ENUM_CONVERSION = YES;
				CLANG_WARN_INFINITE_RECURSION = YES;
				CLANG_WARN_INT_CONVERSION = YES;
				CLANG_WARN_NON_LITERAL_NULL_CONVERSION = YES;
				CLANG_WARN_OBJC_LITERAL_CONVERSION = YES;
				CLANG_WARN_OBJC_ROOT_CLASS = YES_ERROR;
				CLANG_WARN_RANGE_LOOP_ANALYSIS = YES;
				CLANG_WARN_STRICT_PROTOTYPES = YES;
				CLANG_WARN_SUSPICIOUS_MOVE = YES;
				CLANG_WARN_UNGUARDED_AVAILABILITY = YES_AGGRESSIVE;
				CLANG_WARN_UNREACHABLE_CODE = YES;
				CLANG_WARN__DUPLICATE_METHOD_MATCH = YES;
				CODE_SIGN_IDENTITY = "iPhone Developer";
				COPY_PHASE_STRIP = NO;
				DEBUG_INFORMATION_FORMAT = dwarf;
				ENABLE_STRICT_OBJC_MSGSEND = YES;
				ENABLE_TESTABILITY = YES;
				GCC_C_LANGUAGE_STANDARD = gnu11;
				GCC_DYNAMIC_NO_PIC = NO;
				GCC_NO_COMMON_BLOCKS = YES;
				GCC_OPTIMIZATION_LEVEL = 0;
				GCC_PREPROCESSOR_DEFINITIONS = (
					"DEBUG=1",
					"$(inherited)",
				);
				GCC_WARN_64_TO_32_BIT_CONVERSION = YES;
				GCC_WARN_ABOUT_RETURN_TYPE = YES_ERROR;
				GCC_WARN_UNDECLARED_SELECTOR = YES;
				GCC_WARN_UNINITIALIZED_AUTOS = YES_AGGRESSIVE;
				GCC_WARN_UNUSED_FUNCTION = YES;
				GCC_WARN_UNUSED_VARIABLE = YES;
				IPHONEOS_DEPLOYMENT_TARGET = 11.2;
				MTL_ENABLE_DEBUG_INFO = YES;
				ONLY_ACTIVE_ARCH = YES;
				SDKROOT = iphoneos;
			};
			name = Debug;
		};
		8D999F8F20464775005ADE6D /* Release */ = {
			isa = XCBuildConfiguration;
			buildSettings = {
				ALWAYS_SEARCH_USER_PATHS = NO;
				CLANG_ANALYZER_NONNULL = YES;
				CLANG_ANALYZER_NUMBER_OBJECT_CONVERSION = YES_AGGRESSIVE;
				CLANG_CXX_LANGUAGE_STANDARD = "gnu++14";
				CLANG_CXX_LIBRARY = "libc++";
				CLANG_ENABLE_MODULES = YES;
				CLANG_ENABLE_OBJC_ARC = YES;
				CLANG_WARN_BLOCK_CAPTURE_AUTORELEASING = YES;
				CLANG_WARN_BOOL_CONVERSION = YES;
				CLANG_WARN_COMMA = YES;
				CLANG_WARN_CONSTANT_CONVERSION = YES;
				CLANG_WARN_DIRECT_OBJC_ISA_USAGE = YES_ERROR;
				CLANG_WARN_DOCUMENTATION_COMMENTS = YES;
				CLANG_WARN_EMPTY_BODY = YES;
				CLANG_WARN_ENUM_CONVERSION = YES;
				CLANG_WARN_INFINITE_RECURSION = YES;
				CLANG_WARN_INT_CONVERSION = YES;
				CLANG_WARN_NON_LITERAL_NULL_CONVERSION = YES;
				CLANG_WARN_OBJC_LITERAL_CONVERSION = YES;
				CLANG_WARN_OBJC_ROOT_CLASS = YES_ERROR;
				CLANG_WARN_RANGE_LOOP_ANALYSIS = YES;
				CLANG_WARN_STRICT_PROTOTYPES = YES;
				CLANG_WARN_SUSPICIOUS_MOVE = YES;
				CLANG_WARN_UNGUARDED_AVAILABILITY = YES_AGGRESSIVE;
				CLANG_WARN_UNREACHABLE_CODE = YES;
				CLANG_WARN__DUPLICATE_METHOD_MATCH = YES;
				CODE_SIGN_IDENTITY = "iPhone Developer";
				COPY_PHASE_STRIP = NO;
				DEBUG_INFORMATION_FORMAT = "dwarf-with-dsym";
				ENABLE_NS_ASSERTIONS = NO;
				ENABLE_STRICT_OBJC_MSGSEND = YES;
				GCC_C_LANGUAGE_STANDARD = gnu11;
				GCC_NO_COMMON_BLOCKS = YES;
				GCC_WARN_64_TO_32_BIT_CONVERSION = YES;
				GCC_WARN_ABOUT_RETURN_TYPE = YES_ERROR;
				GCC_WARN_UNDECLARED_SELECTOR = YES;
				GCC_WARN_UNINITIALIZED_AUTOS = YES_AGGRESSIVE;
				GCC_WARN_UNUSED_FUNCTION = YES;
				GCC_WARN_UNUSED_VARIABLE = YES;
				IPHONEOS_DEPLOYMENT_TARGET = 11.2;
				MTL_ENABLE_DEBUG_INFO = NO;
				SDKROOT = iphoneos;
				VALIDATE_PRODUCT = YES;
			};
			name = Release;
		};
		8D999F9120464775005ADE6D /* Debug */ = {
			isa = XCBuildConfiguration;
			buildSettings = {
				ASSETCATALOG_COMPILER_APPICON_NAME = AppIcon;
				CODE_SIGN_STYLE = Automatic;
				DEVELOPMENT_TEAM = 6ZL98DYCYY;
				INFOPLIST_FILE = StudentEvaluation/Info.plist;
				LD_RUNPATH_SEARCH_PATHS = "$(inherited) @executable_path/Frameworks";
				PRODUCT_BUNDLE_IDENTIFIER = com.dodoedu.StudentEvaluation;
				PRODUCT_NAME = "$(TARGET_NAME)";
				TARGETED_DEVICE_FAMILY = "1,2";
			};
			name = Debug;
		};
		8D999F9220464775005ADE6D /* Release */ = {
			isa = XCBuildConfiguration;
			buildSettings = {
				ASSETCATALOG_COMPILER_APPICON_NAME = AppIcon;
				CODE_SIGN_STYLE = Automatic;
				DEVELOPMENT_TEAM = 6ZL98DYCYY;
				INFOPLIST_FILE = StudentEvaluation/Info.plist;
				LD_RUNPATH_SEARCH_PATHS = "$(inherited) @executable_path/Frameworks";
				PRODUCT_BUNDLE_IDENTIFIER = com.dodoedu.StudentEvaluation;
				PRODUCT_NAME = "$(TARGET_NAME)";
				TARGETED_DEVICE_FAMILY = "1,2";
			};
			name = Release;
		};
/* End XCBuildConfiguration section */

/* Begin XCConfigurationList section */
		8D999F7520464775005ADE6D /* Build configuration list for PBXProject "StudentEvaluation" */ = {
			isa = XCConfigurationList;
			buildConfigurations = (
				8D999F8E20464775005ADE6D /* Debug */,
				8D999F8F20464775005ADE6D /* Release */,
			);
			defaultConfigurationIsVisible = 0;
			defaultConfigurationName = Release;
		};
		8D999F9020464775005ADE6D /* Build configuration list for PBXNativeTarget "StudentEvaluation" */ = {
			isa = XCConfigurationList;
			buildConfigurations = (
				8D999F9120464775005ADE6D /* Debug */,
				8D999F9220464775005ADE6D /* Release */,
			);
			defaultConfigurationIsVisible = 0;
			defaultConfigurationName = Release;
		};
/* End XCConfigurationList section */
	};
	rootObject = 8D999F7220464775005ADE6D /* Project object */;
}
